
Microsoft Visual Studio Solution File, Format Version 12.00
# Visual Studio Version 16
VisualStudioVersion = 16.0.30413.136
MinimumVisualStudioVersion = 10.0.40219.1
Project("{FAE04EC0-301F-11D3-BF4B-00C04F79EFBC}") = "streeplijst", "streeplijst\streeplijst.csproj", "{2C8683A4-6AF0-429E-BFE4-A7D1004CC6E5}"
EndProject
Project("{9A19103F-16F7-4668-BE54-9A1E7A4F7556}") = "streeplijst_library", "streeplijst_library\streeplijst_library.csproj", "{2A39EA77-2C3C-4112-9945-C36E184A61CD}"
EndProject
Project("{840C416C-B8F3-42BC-B0DD-F6BB14C9F8CB}") = "streeplijst_installer", "streeplijst_installer\streeplijst_installer.aiproj", "{9207C9FA-661E-4100-8B29-269935A09164}"
EndProject
Global
	GlobalSection(SolutionConfigurationPlatforms) = preSolution
		All|Any CPU = All|Any CPU
		All|x64 = All|x64
		Debug|Any CPU = Debug|Any CPU
		Debug|x64 = Debug|x64
		Release|Any CPU = Release|Any CPU
		Release|x64 = Release|x64
	EndGlobalSection
	GlobalSection(ProjectConfigurationPlatforms) = postSolution
		{2C8683A4-6AF0-429E-BFE4-A7D1004CC6E5}.All|Any CPU.ActiveCfg = Release|Any CPU
		{2C8683A4-6AF0-429E-BFE4-A7D1004CC6E5}.All|Any CPU.Build.0 = Release|Any CPU
		{2C8683A4-6AF0-429E-BFE4-A7D1004CC6E5}.All|x64.ActiveCfg = Release|x64
		{2C8683A4-6AF0-429E-BFE4-A7D1004CC6E5}.All|x64.Build.0 = Release|x64
		{2C8683A4-6AF0-429E-BFE4-A7D1004CC6E5}.Debug|Any CPU.ActiveCfg = Debug|Any CPU
		{2C8683A4-6AF0-429E-BFE4-A7D1004CC6E5}.Debug|Any CPU.Build.0 = Debug|Any CPU
		{2C8683A4-6AF0-429E-BFE4-A7D1004CC6E5}.Debug|x64.ActiveCfg = Debug|x64
		{2C8683A4-6AF0-429E-BFE4-A7D1004CC6E5}.Debug|x64.Build.0 = Debug|x64
		{2C8683A4-6AF0-429E-BFE4-A7D1004CC6E5}.Release|Any CPU.ActiveCfg = Release|Any CPU
		{2C8683A4-6AF0-429E-BFE4-A7D1004CC6E5}.Release|Any CPU.Build.0 = Release|Any CPU
		{2C8683A4-6AF0-429E-BFE4-A7D1004CC6E5}.Release|x64.ActiveCfg = Release|x64
		{2C8683A4-6AF0-429E-BFE4-A7D1004CC6E5}.Release|x64.Build.0 = Release|x64
		{2A39EA77-2C3C-4112-9945-C36E184A61CD}.All|Any CPU.ActiveCfg = Release|Any CPU
		{2A39EA77-2C3C-4112-9945-C36E184A61CD}.All|Any CPU.Build.0 = Release|Any CPU
		{2A39EA77-2C3C-4112-9945-C36E184A61CD}.All|x64.ActiveCfg = Release|x64
		{2A39EA77-2C3C-4112-9945-C36E184A61CD}.All|x64.Build.0 = Release|x64
		{2A39EA77-2C3C-4112-9945-C36E184A61CD}.Debug|Any CPU.ActiveCfg = Debug|Any CPU
		{2A39EA77-2C3C-4112-9945-C36E184A61CD}.Debug|Any CPU.Build.0 = Debug|Any CPU
		{2A39EA77-2C3C-4112-9945-C36E184A61CD}.Debug|x64.ActiveCfg = Debug|x64
		{2A39EA77-2C3C-4112-9945-C36E184A61CD}.Debug|x64.Build.0 = Debug|x64
		{2A39EA77-2C3C-4112-9945-C36E184A61CD}.Release|Any CPU.ActiveCfg = Release|Any CPU
		{2A39EA77-2C3C-4112-9945-C36E184A61CD}.Release|Any CPU.Build.0 = Release|Any CPU
		{2A39EA77-2C3C-4112-9945-C36E184A61CD}.Release|x64.ActiveCfg = Release|x64
		{2A39EA77-2C3C-4112-9945-C36E184A61CD}.Release|x64.Build.0 = Release|x64
		{9207C9FA-661E-4100-8B29-269935A09164}.All|Any CPU.ActiveCfg = DefaultBuild
		{9207C9FA-661E-4100-8B29-269935A09164}.All|x64.ActiveCfg = DefaultBuild
		{9207C9FA-661E-4100-8B29-269935A09164}.Debug|Any CPU.ActiveCfg = DefaultBuild
		{9207C9FA-661E-4100-8B29-269935A09164}.Debug|x64.ActiveCfg = DefaultBuild
		{9207C9FA-661E-4100-8B29-269935A09164}.Release|Any CPU.ActiveCfg = DefaultBuild
		{9207C9FA-661E-4100-8B29-269935A09164}.Release|x64.ActiveCfg = DefaultBuild
	EndGlobalSection
	GlobalSection(SolutionProperties) = preSolution
		HideSolutionNode = FALSE
	EndGlobalSection
	GlobalSection(ExtensibilityGlobals) = postSolution
		SolutionGuid = {E058C1B1-BECE-4D5B-A513-501937A46624}
	EndGlobalSection
EndGlobal
